
Microsoft Visual Studio Solution File, Format Version 11.00
# Visual Studio 2010
Project("{8BC9CEB8-8B4A-11D0-8D11-00A0C91BC942}") = "GunBound_ServerRecvHook", "GunBound_ServerRecvHook\GunBound_ServerRecvHook.vcxproj", "{6E2AFCD1-4382-40E6-9561-C07729A7CBF3}"
EndProject
Global
	GlobalSection(SolutionConfigurationPlatforms) = preSolution
		Debug|Win32 = Debug|Win32
		Release|Win32 = Release|Win32
	EndGlobalSection
	GlobalSection(ProjectConfigurationPlatforms) = postSolution
		{6E2AFCD1-4382-40E6-9561-C07729A7CBF3}.Debug|Win32.ActiveCfg = Debug|Win32
		{6E2AFCD1-4382-40E6-9561-C07729A7CBF3}.Debug|Win32.Build.0 = Debug|Win32
		{6E2AFCD1-4382-40E6-9561-C07729A7CBF3}.Release|Win32.ActiveCfg = Release|Win32
		{6E2AFCD1-4382-40E6-9561-C07729A7CBF3}.Release|Win32.Build.0 = Release|Win32
	EndGlobalSection
	GlobalSection(SolutionProperties) = preSolution
		HideSolutionNode = FALSE
	EndGlobalSection
EndGlobal
